// !$*UTF8*$!
{
	archiveVersion = 1;
	classes = {
	};
	objectVersion = 55;
	objects = {

/* Begin PBXBuildFile section */
		0060AFD4283BA52C00E256D8 /* AppDelegate.swift in Sources */ = {isa = PBXBuildFile; fileRef = 0060AFD3283BA52C00E256D8 /* AppDelegate.swift */; };
		0060AFD6283BA52C00E256D8 /* SceneDelegate.swift in Sources */ = {isa = PBXBuildFile; fileRef = 0060AFD5283BA52C00E256D8 /* SceneDelegate.swift */; };
		0060AFD8283BA52C00E256D8 /* ViewController.swift in Sources */ = {isa = PBXBuildFile; fileRef = 0060AFD7283BA52C00E256D8 /* ViewController.swift */; };
		0060AFDB283BA52C00E256D8 /* Main.storyboard in Resources */ = {isa = PBXBuildFile; fileRef = 0060AFD9283BA52C00E256D8 /* Main.storyboard */; };
		0060AFDD283BA52E00E256D8 /* Assets.xcassets in Resources */ = {isa = PBXBuildFile; fileRef = 0060AFDC283BA52E00E256D8 /* Assets.xcassets */; };
		0060AFE0283BA52E00E256D8 /* LaunchScreen.storyboard in Resources */ = {isa = PBXBuildFile; fileRef = 0060AFDE283BA52E00E256D8 /* LaunchScreen.storyboard */; };
		0060AFEB283BA52F00E256D8 /* TestAppTests.swift in Sources */ = {isa = PBXBuildFile; fileRef = 0060AFEA283BA52F00E256D8 /* TestAppTests.swift */; };
		0060AFF5283BA52F00E256D8 /* TestAppUITests.swift in Sources */ = {isa = PBXBuildFile; fileRef = 0060AFF4283BA52F00E256D8 /* TestAppUITests.swift */; };
		0060AFF7283BA52F00E256D8 /* TestAppUITestsLaunchTests.swift in Sources */ = {isa = PBXBuildFile; fileRef = 0060AFF6283BA52F00E256D8 /* TestAppUITestsLaunchTests.swift */; };
		175308A2062C23594677AEED /* Pods_TestAppTests.framework in Frameworks */ = {isa = PBXBuildFile; fileRef = 3594B4CA8C4023CACF7E60CE /* Pods_TestAppTests.framework */; };
		6AD2F6454C52A74F11C92221 /* Pods_TestApp.framework in Frameworks */ = {isa = PBXBuildFile; fileRef = 68E97E110613BA9419A945F9 /* Pods_TestApp.framework */; };
		85EC25FDFF25AF7C628E3BEF /* Pods_TestApp_TestAppUITests.framework in Frameworks */ = {isa = PBXBuildFile; fileRef = 84C0E118CA3DC48E6E4CE63E /* Pods_TestApp_TestAppUITests.framework */; };
/* End PBXBuildFile section */

/* Begin PBXContainerItemProxy section */
		0060AFE7283BA52F00E256D8 /* PBXContainerItemProxy */ = {
			isa = PBXContainerItemProxy;
			containerPortal = 0060AFC8283BA52C00E256D8 /* Project object */;
			proxyType = 1;
			remoteGlobalIDString = 0060AFCF283BA52C00E256D8;
			remoteInfo = TestApp;
		};
		0060AFF1283BA52F00E256D8 /* PBXContainerItemProxy */ = {
			isa = PBXContainerItemProxy;
			containerPortal = 0060AFC8283BA52C00E256D8 /* Project object */;
			proxyType = 1;
			remoteGlobalIDString = 0060AFCF283BA52C00E256D8;
			remoteInfo = TestApp;
		};
/* End PBXContainerItemProxy section */

/* Begin PBXFileReference section */
		0060AFD0283BA52C00E256D8 /* TestApp.app */ = {isa = PBXFileReference; explicitFileType = wrapper.application; includeInIndex = 0; path = TestApp.app; sourceTree = BUILT_PRODUCTS_DIR; };
		0060AFD3283BA52C00E256D8 /* AppDelegate.swift */ = {isa = PBXFileReference; lastKnownFileType = sourcecode.swift; path = AppDelegate.swift; sourceTree = "<group>"; };
		0060AFD5283BA52C00E256D8 /* SceneDelegate.swift */ = {isa = PBXFileReference; lastKnownFileType = sourcecode.swift; path = SceneDelegate.swift; sourceTree = "<group>"; };
		0060AFD7283BA52C00E256D8 /* ViewController.swift */ = {isa = PBXFileReference; lastKnownFileType = sourcecode.swift; path = ViewController.swift; sourceTree = "<group>"; };
		0060AFDA283BA52C00E256D8 /* Base */ = {isa = PBXFileReference; lastKnownFileType = file.storyboard; name = Base; path = Base.lproj/Main.storyboard; sourceTree = "<group>"; };
		0060AFDC283BA52E00E256D8 /* Assets.xcassets */ = {isa = PBXFileReference; lastKnownFileType = folder.assetcatalog; path = Assets.xcassets; sourceTree = "<group>"; };
		0060AFDF283BA52E00E256D8 /* Base */ = {isa = PBXFileReference; lastKnownFileType = file.storyboard; name = Base; path = Base.lproj/LaunchScreen.storyboard; sourceTree = "<group>"; };
		0060AFE1283BA52E00E256D8 /* Info.plist */ = {isa = PBXFileReference; lastKnownFileType = text.plist.xml; path = Info.plist; sourceTree = "<group>"; };
		0060AFE6283BA52F00E256D8 /* TestAppTests.xctest */ = {isa = PBXFileReference; explicitFileType = wrapper.cfbundle; includeInIndex = 0; path = TestAppTests.xctest; sourceTree = BUILT_PRODUCTS_DIR; };
		0060AFEA283BA52F00E256D8 /* TestAppTests.swift */ = {isa = PBXFileReference; lastKnownFileType = sourcecode.swift; path = TestAppTests.swift; sourceTree = "<group>"; };
		0060AFF0283BA52F00E256D8 /* TestAppUITests.xctest */ = {isa = PBXFileReference; explicitFileType = wrapper.cfbundle; includeInIndex = 0; path = TestAppUITests.xctest; sourceTree = BUILT_PRODUCTS_DIR; };
		0060AFF4283BA52F00E256D8 /* TestAppUITests.swift */ = {isa = PBXFileReference; lastKnownFileType = sourcecode.swift; path = TestAppUITests.swift; sourceTree = "<group>"; };
		0060AFF6283BA52F00E256D8 /* TestAppUITestsLaunchTests.swift */ = {isa = PBXFileReference; lastKnownFileType = sourcecode.swift; path = TestAppUITestsLaunchTests.swift; sourceTree = "<group>"; };
		0FCBE194ABFEC077C3C4F48F /* Pods-TestApp-TestAppUITests.release.xcconfig */ = {isa = PBXFileReference; includeInIndex = 1; lastKnownFileType = text.xcconfig; name = "Pods-TestApp-TestAppUITests.release.xcconfig"; path = "Target Support Files/Pods-TestApp-TestAppUITests/Pods-TestApp-TestAppUITests.release.xcconfig"; sourceTree = "<group>"; };
		3594B4CA8C4023CACF7E60CE /* Pods_TestAppTests.framework */ = {isa = PBXFileReference; explicitFileType = wrapper.framework; includeInIndex = 0; path = Pods_TestAppTests.framework; sourceTree = BUILT_PRODUCTS_DIR; };
		45C7FF21A8286F6E4C66E8E3 /* Pods-TestAppTests.debug.xcconfig */ = {isa = PBXFileReference; includeInIndex = 1; lastKnownFileType = text.xcconfig; name = "Pods-TestAppTests.debug.xcconfig"; path = "Target Support Files/Pods-TestAppTests/Pods-TestAppTests.debug.xcconfig"; sourceTree = "<group>"; };
		68E97E110613BA9419A945F9 /* Pods_TestApp.framework */ = {isa = PBXFileReference; explicitFileType = wrapper.framework; includeInIndex = 0; path = Pods_TestApp.framework; sourceTree = BUILT_PRODUCTS_DIR; };
		72DD4221C51ADB3E7FC61F68 /* Pods-TestApp.debug.xcconfig */ = {isa = PBXFileReference; includeInIndex = 1; lastKnownFileType = text.xcconfig; name = "Pods-TestApp.debug.xcconfig"; path = "Target Support Files/Pods-TestApp/Pods-TestApp.debug.xcconfig"; sourceTree = "<group>"; };
		82040F9DA56FA8DA5BE2BB80 /* Pods-TestAppTests.release.xcconfig */ = {isa = PBXFileReference; includeInIndex = 1; lastKnownFileType = text.xcconfig; name = "Pods-TestAppTests.release.xcconfig"; path = "Target Support Files/Pods-TestAppTests/Pods-TestAppTests.release.xcconfig"; sourceTree = "<group>"; };
		84C0E118CA3DC48E6E4CE63E /* Pods_TestApp_TestAppUITests.framework */ = {isa = PBXFileReference; explicitFileType = wrapper.framework; includeInIndex = 0; path = Pods_TestApp_TestAppUITests.framework; sourceTree = BUILT_PRODUCTS_DIR; };
		CC4EE458037C537E7F811BC2 /* Pods-TestApp.release.xcconfig */ = {isa = PBXFileReference; includeInIndex = 1; lastKnownFileType = text.xcconfig; name = "Pods-TestApp.release.xcconfig"; path = "Target Support Files/Pods-TestApp/Pods-TestApp.release.xcconfig"; sourceTree = "<group>"; };
		E9DACD92A2C031E0F01AE3D2 /* Pods-TestApp-TestAppUITests.debug.xcconfig */ = {isa = PBXFileReference; includeInIndex = 1; lastKnownFileType = text.xcconfig; name = "Pods-TestApp-TestAppUITests.debug.xcconfig"; path = "Target Support Files/Pods-TestApp-TestAppUITests/Pods-TestApp-TestAppUITests.debug.xcconfig"; sourceTree = "<group>"; };
/* End PBXFileReference section */

/* Begin PBXFrameworksBuildPhase section */
		0060AFCD283BA52C00E256D8 /* Frameworks */ = {
			isa = PBXFrameworksBuildPhase;
			buildActionMask = 2147483647;
			files = (
				6AD2F6454C52A74F11C92221 /* Pods_TestApp.framework in Frameworks */,
			);
			runOnlyForDeploymentPostprocessing = 0;
		};
		0060AFE3283BA52F00E256D8 /* Frameworks */ = {
			isa = PBXFrameworksBuildPhase;
			buildActionMask = 2147483647;
			files = (
				175308A2062C23594677AEED /* Pods_TestAppTests.framework in Frameworks */,
			);
			runOnlyForDeploymentPostprocessing = 0;
		};
		0060AFED283BA52F00E256D8 /* Frameworks */ = {
			isa = PBXFrameworksBuildPhase;
			buildActionMask = 2147483647;
			files = (
				85EC25FDFF25AF7C628E3BEF /* Pods_TestApp_TestAppUITests.framework in Frameworks */,
			);
			runOnlyForDeploymentPostprocessing = 0;
		};
/* End PBXFrameworksBuildPhase section */

/* Begin PBXGroup section */
		0060AFC7283BA52C00E256D8 = {
			isa = PBXGroup;
			children = (
				0060AFD2283BA52C00E256D8 /* TestApp */,
				0060AFE9283BA52F00E256D8 /* TestAppTests */,
				0060AFF3283BA52F00E256D8 /* TestAppUITests */,
				0060AFD1283BA52C00E256D8 /* Products */,
				5C9C799940FFD3361FEE01DF /* Pods */,
				499C2ACE5B94657D890EC604 /* Frameworks */,
			);
			sourceTree = "<group>";
		};
		0060AFD1283BA52C00E256D8 /* Products */ = {
			isa = PBXGroup;
			children = (
				0060AFD0283BA52C00E256D8 /* TestApp.app */,
				0060AFE6283BA52F00E256D8 /* TestAppTests.xctest */,
				0060AFF0283BA52F00E256D8 /* TestAppUITests.xctest */,
			);
			name = Products;
			sourceTree = "<group>";
		};
		0060AFD2283BA52C00E256D8 /* TestApp */ = {
			isa = PBXGroup;
			children = (
				0060AFD3283BA52C00E256D8 /* AppDelegate.swift */,
				0060AFD5283BA52C00E256D8 /* SceneDelegate.swift */,
				0060AFD7283BA52C00E256D8 /* ViewController.swift */,
				0060AFD9283BA52C00E256D8 /* Main.storyboard */,
				0060AFDC283BA52E00E256D8 /* Assets.xcassets */,
				0060AFDE283BA52E00E256D8 /* LaunchScreen.storyboard */,
				0060AFE1283BA52E00E256D8 /* Info.plist */,
			);
			path = TestApp;
			sourceTree = "<group>";
		};
		0060AFE9283BA52F00E256D8 /* TestAppTests */ = {
			isa = PBXGroup;
			children = (
				0060AFEA283BA52F00E256D8 /* TestAppTests.swift */,
			);
			path = TestAppTests;
			sourceTree = "<group>";
		};
		0060AFF3283BA52F00E256D8 /* TestAppUITests */ = {
			isa = PBXGroup;
			children = (
				0060AFF4283BA52F00E256D8 /* TestAppUITests.swift */,
				0060AFF6283BA52F00E256D8 /* TestAppUITestsLaunchTests.swift */,
			);
			path = TestAppUITests;
			sourceTree = "<group>";
		};
		499C2ACE5B94657D890EC604 /* Frameworks */ = {
			isa = PBXGroup;
			children = (
				68E97E110613BA9419A945F9 /* Pods_TestApp.framework */,
				84C0E118CA3DC48E6E4CE63E /* Pods_TestApp_TestAppUITests.framework */,
				3594B4CA8C4023CACF7E60CE /* Pods_TestAppTests.framework */,
			);
			name = Frameworks;
			sourceTree = "<group>";
		};
		5C9C799940FFD3361FEE01DF /* Pods */ = {
			isa = PBXGroup;
			children = (
				72DD4221C51ADB3E7FC61F68 /* Pods-TestApp.debug.xcconfig */,
				CC4EE458037C537E7F811BC2 /* Pods-TestApp.release.xcconfig */,
				E9DACD92A2C031E0F01AE3D2 /* Pods-TestApp-TestAppUITests.debug.xcconfig */,
				0FCBE194ABFEC077C3C4F48F /* Pods-TestApp-TestAppUITests.release.xcconfig */,
				45C7FF21A8286F6E4C66E8E3 /* Pods-TestAppTests.debug.xcconfig */,
				82040F9DA56FA8DA5BE2BB80 /* Pods-TestAppTests.release.xcconfig */,
			);
			path = Pods;
			sourceTree = "<group>";
		};
/* End PBXGroup section */

/* Begin PBXNativeTarget section */
		0060AFCF283BA52C00E256D8 /* TestApp */ = {
			isa = PBXNativeTarget;
			buildConfigurationList = 0060AFFA283BA52F00E256D8 /* Build configuration list for PBXNativeTarget "TestApp" */;
			buildPhases = (
				9C3F3F931F821F5A94227211 /* [CP] Check Pods Manifest.lock */,
				0060AFCC283BA52C00E256D8 /* Sources */,
				0060AFCD283BA52C00E256D8 /* Frameworks */,
				0060AFCE283BA52C00E256D8 /* Resources */,
			);
			buildRules = (
			);
			dependencies = (
			);
			name = TestApp;
			productName = TestApp;
			productReference = 0060AFD0283BA52C00E256D8 /* TestApp.app */;
			productType = "com.apple.product-type.application";
		};
		0060AFE5283BA52F00E256D8 /* TestAppTests */ = {
			isa = PBXNativeTarget;
			buildConfigurationList = 0060AFFD283BA52F00E256D8 /* Build configuration list for PBXNativeTarget "TestAppTests" */;
			buildPhases = (
				05C15812A787AF07976BA93C /* [CP] Check Pods Manifest.lock */,
				0060AFE2283BA52F00E256D8 /* Sources */,
				0060AFE3283BA52F00E256D8 /* Frameworks */,
				0060AFE4283BA52F00E256D8 /* Resources */,
			);
			buildRules = (
			);
			dependencies = (
				0060AFE8283BA52F00E256D8 /* PBXTargetDependency */,
			);
			name = TestAppTests;
			productName = TestAppTests;
			productReference = 0060AFE6283BA52F00E256D8 /* TestAppTests.xctest */;
			productType = "com.apple.product-type.bundle.unit-test";
		};
		0060AFEF283BA52F00E256D8 /* TestAppUITests */ = {
			isa = PBXNativeTarget;
			buildConfigurationList = 0060B000283BA52F00E256D8 /* Build configuration list for PBXNativeTarget "TestAppUITests" */;
			buildPhases = (
				3B29D7741488B9D979D733EC /* [CP] Check Pods Manifest.lock */,
				0060AFEC283BA52F00E256D8 /* Sources */,
				0060AFED283BA52F00E256D8 /* Frameworks */,
				0060AFEE283BA52F00E256D8 /* Resources */,
			);
			buildRules = (
			);
			dependencies = (
				0060AFF2283BA52F00E256D8 /* PBXTargetDependency */,
			);
			name = TestAppUITests;
			productName = TestAppUITests;
			productReference = 0060AFF0283BA52F00E256D8 /* TestAppUITests.xctest */;
			productType = "com.apple.product-type.bundle.ui-testing";
		};
/* End PBXNativeTarget section */

/* Begin PBXProject section */
		0060AFC8283BA52C00E256D8 /* Project object */ = {
			isa = PBXProject;
			attributes = {
				BuildIndependentTargetsInParallel = 1;
				LastSwiftUpdateCheck = 1330;
				LastUpgradeCheck = 1330;
				TargetAttributes = {
					0060AFCF283BA52C00E256D8 = {
						CreatedOnToolsVersion = 13.3.1;
					};
					0060AFE5283BA52F00E256D8 = {
						CreatedOnToolsVersion = 13.3.1;
						TestTargetID = 0060AFCF283BA52C00E256D8;
					};
					0060AFEF283BA52F00E256D8 = {
						CreatedOnToolsVersion = 13.3.1;
						TestTargetID = 0060AFCF283BA52C00E256D8;
					};
				};
			};
			buildConfigurationList = 0060AFCB283BA52C00E256D8 /* Build configuration list for PBXProject "TestApp" */;
			compatibilityVersion = "Xcode 13.0";
			developmentRegion = en;
			hasScannedForEncodings = 0;
			knownRegions = (
				en,
				Base,
			);
			mainGroup = 0060AFC7283BA52C00E256D8;
			productRefGroup = 0060AFD1283BA52C00E256D8 /* Products */;
			projectDirPath = "";
			projectRoot = "";
			targets = (
				0060AFCF283BA52C00E256D8 /* TestApp */,
				0060AFE5283BA52F00E256D8 /* TestAppTests */,
				0060AFEF283BA52F00E256D8 /* TestAppUITests */,
			);
		};
/* End PBXProject section */

/* Begin PBXResourcesBuildPhase section */
		0060AFCE283BA52C00E256D8 /* Resources */ = {
			isa = PBXResourcesBuildPhase;
			buildActionMask = 2147483647;
			files = (
				0060AFE0283BA52E00E256D8 /* LaunchScreen.storyboard in Resources */,
				0060AFDD283BA52E00E256D8 /* Assets.xcassets in Resources */,
				0060AFDB283BA52C00E256D8 /* Main.storyboard in Resources */,
			);
			runOnlyForDeploymentPostprocessing = 0;
		};
		0060AFE4283BA52F00E256D8 /* Resources */ = {
			isa = PBXResourcesBuildPhase;
			buildActionMask = 2147483647;
			files = (
			);
			runOnlyForDeploymentPostprocessing = 0;
		};
		0060AFEE283BA52F00E256D8 /* Resources */ = {
			isa = PBXResourcesBuildPhase;
			buildActionMask = 2147483647;
			files = (
			);
			runOnlyForDeploymentPostprocessing = 0;
		};
/* End PBXResourcesBuildPhase section */

/* Begin PBXShellScriptBuildPhase section */
		05C15812A787AF07976BA93C /* [CP] Check Pods Manifest.lock */ = {
			isa = PBXShellScriptBuildPhase;
			buildActionMask = 2147483647;
			files = (
			);
			inputFileListPaths = (
			);
			inputPaths = (
				"${PODS_PODFILE_DIR_PATH}/Podfile.lock",
				"${PODS_ROOT}/Manifest.lock",
			);
			name = "[CP] Check Pods Manifest.lock";
			outputFileListPaths = (
			);
			outputPaths = (
				"$(DERIVED_FILE_DIR)/Pods-TestAppTests-checkManifestLockResult.txt",
			);
			runOnlyForDeploymentPostprocessing = 0;
			shellPath = /bin/sh;
			shellScript = "diff \"${PODS_PODFILE_DIR_PATH}/Podfile.lock\" \"${PODS_ROOT}/Manifest.lock\" > /dev/null\nif [ $? != 0 ] ; then\n    # print error to STDERR\n    echo \"error: The sandbox is not in sync with the Podfile.lock. Run 'pod install' or update your CocoaPods installation.\" >&2\n    exit 1\nfi\n# This output is used by Xcode 'outputs' to avoid re-running this script phase.\necho \"SUCCESS\" > \"${SCRIPT_OUTPUT_FILE_0}\"\n";
			showEnvVarsInLog = 0;
		};
		3B29D7741488B9D979D733EC /* [CP] Check Pods Manifest.lock */ = {
			isa = PBXShellScriptBuildPhase;
			buildActionMask = 2147483647;
			files = (
			);
			inputFileListPaths = (
			);
			inputPaths = (
				"${PODS_PODFILE_DIR_PATH}/Podfile.lock",
				"${PODS_ROOT}/Manifest.lock",
			);
			name = "[CP] Check Pods Manifest.lock";
			outputFileListPaths = (
			);
			outputPaths = (
				"$(DERIVED_FILE_DIR)/Pods-TestApp-TestAppUITests-checkManifestLockResult.txt",
			);
			runOnlyForDeploymentPostprocessing = 0;
			shellPath = /bin/sh;
			shellScript = "diff \"${PODS_PODFILE_DIR_PATH}/Podfile.lock\" \"${PODS_ROOT}/Manifest.lock\" > /dev/null\nif [ $? != 0 ] ; then\n    # print error to STDERR\n    echo \"error: The sandbox is not in sync with the Podfile.lock. Run 'pod install' or update your CocoaPods installation.\" >&2\n    exit 1\nfi\n# This output is used by Xcode 'outputs' to avoid re-running this script phase.\necho \"SUCCESS\" > \"${SCRIPT_OUTPUT_FILE_0}\"\n";
			showEnvVarsInLog = 0;
		};
		9C3F3F931F821F5A94227211 /* [CP] Check Pods Manifest.lock */ = {
			isa = PBXShellScriptBuildPhase;
			buildActionMask = 2147483647;
			files = (
			);
			inputFileListPaths = (
			);
			inputPaths = (
				"${PODS_PODFILE_DIR_PATH}/Podfile.lock",
				"${PODS_ROOT}/Manifest.lock",
			);
			name = "[CP] Check Pods Manifest.lock";
			outputFileListPaths = (
			);
			outputPaths = (
				"$(DERIVED_FILE_DIR)/Pods-TestApp-checkManifestLockResult.txt",
			);
			runOnlyForDeploymentPostprocessing = 0;
			shellPath = /bin/sh;
			shellScript = "diff \"${PODS_PODFILE_DIR_PATH}/Podfile.lock\" \"${PODS_ROOT}/Manifest.lock\" > /dev/null\nif [ $? != 0 ] ; then\n    # print error to STDERR\n    echo \"error: The sandbox is not in sync with the Podfile.lock. Run 'pod install' or update your CocoaPods installation.\" >&2\n    exit 1\nfi\n# This output is used by Xcode 'outputs' to avoid re-running this script phase.\necho \"SUCCESS\" > \"${SCRIPT_OUTPUT_FILE_0}\"\n";
			showEnvVarsInLog = 0;
		};
/* End PBXShellScriptBuildPhase section */

/* Begin PBXSourcesBuildPhase section */
		0060AFCC283BA52C00E256D8 /* Sources */ = {
			isa = PBXSourcesBuildPhase;
			buildActionMask = 2147483647;
			files = (
				0060AFD8283BA52C00E256D8 /* ViewController.swift in Sources */,
				0060AFD4283BA52C00E256D8 /* AppDelegate.swift in Sources */,
				0060AFD6283BA52C00E256D8 /* SceneDelegate.swift in Sources */,
			);
			runOnlyForDeploymentPostprocessing = 0;
		};
		0060AFE2283BA52F00E256D8 /* Sources */ = {
			isa = PBXSourcesBuildPhase;
			buildActionMask = 2147483647;
			files = (
				0060AFEB283BA52F00E256D8 /* TestAppTests.swift in Sources */,
			);
			runOnlyForDeploymentPostprocessing = 0;
		};
		0060AFEC283BA52F00E256D8 /* Sources */ = {
			isa = PBXSourcesBuildPhase;
			buildActionMask = 2147483647;
			files = (
				0060AFF7283BA52F00E256D8 /* TestAppUITestsLaunchTests.swift in Sources */,
				0060AFF5283BA52F00E256D8 /* TestAppUITests.swift in Sources */,
			);
			runOnlyForDeploymentPostprocessing = 0;
		};
/* End PBXSourcesBuildPhase section */

/* Begin PBXTargetDependency section */
		0060AFE8283BA52F00E256D8 /* PBXTargetDependency */ = {
			isa = PBXTargetDependency;
			target = 0060AFCF283BA52C00E256D8 /* TestApp */;
			targetProxy = 0060AFE7283BA52F00E256D8 /* PBXContainerItemProxy */;
		};
		0060AFF2283BA52F00E256D8 /* PBXTargetDependency */ = {
			isa = PBXTargetDependency;
			target = 0060AFCF283BA52C00E256D8 /* TestApp */;
			targetProxy = 0060AFF1283BA52F00E256D8 /* PBXContainerItemProxy */;
		};
/* End PBXTargetDependency section */

/* Begin PBXVariantGroup section */
		0060AFD9283BA52C00E256D8 /* Main.storyboard */ = {
			isa = PBXVariantGroup;
			children = (
				0060AFDA283BA52C00E256D8 /* Base */,
			);
			name = Main.storyboard;
			sourceTree = "<group>";
		};
		0060AFDE283BA52E00E256D8 /* LaunchScreen.storyboard */ = {
			isa = PBXVariantGroup;
			children = (
				0060AFDF283BA52E00E256D8 /* Base */,
			);
			name = LaunchScreen.storyboard;
			sourceTree = "<group>";
		};
/* End PBXVariantGroup section */

/* Begin XCBuildConfiguration section */
		0060AFF8283BA52F00E256D8 /* Debug */ = {
			isa = XCBuildConfiguration;
			buildSettings = {
				ALWAYS_SEARCH_USER_PATHS = NO;
				CLANG_ANALYZER_NONNULL = YES;
				CLANG_ANALYZER_NUMBER_OBJECT_CONVERSION = YES_AGGRESSIVE;
				CLANG_CXX_LANGUAGE_STANDARD = "gnu++17";
				CLANG_ENABLE_MODULES = YES;
				CLANG_ENABLE_OBJC_ARC = YES;
				CLANG_ENABLE_OBJC_WEAK = YES;
				CLANG_WARN_BLOCK_CAPTURE_AUTORELEASING = YES;
				CLANG_WARN_BOOL_CONVERSION = YES;
				CLANG_WARN_COMMA = YES;
				CLANG_WARN_CONSTANT_CONVERSION = YES;
				CLANG_WARN_DEPRECATED_OBJC_IMPLEMENTATIONS = YES;
				CLANG_WARN_DIRECT_OBJC_ISA_USAGE = YES_ERROR;
				CLANG_WARN_DOCUMENTATION_COMMENTS = YES;
				CLANG_WARN_EMPTY_BODY = YES;
				CLANG_WARN_ENUM_CONVERSION = YES;
				CLANG_WARN_INFINITE_RECURSION = YES;
				CLANG_WARN_INT_CONVERSION = YES;
				CLANG_WARN_NON_LITERAL_NULL_CONVERSION = YES;
				CLANG_WARN_OBJC_IMPLICIT_RETAIN_SELF = YES;
				CLANG_WARN_OBJC_LITERAL_CONVERSION = YES;
				CLANG_WARN_OBJC_ROOT_CLASS = YES_ERROR;
				CLANG_WARN_QUOTED_INCLUDE_IN_FRAMEWORK_HEADER = YES;
				CLANG_WARN_RANGE_LOOP_ANALYSIS = YES;
				CLANG_WARN_STRICT_PROTOTYPES = YES;
				CLANG_WARN_SUSPICIOUS_MOVE = YES;
				CLANG_WARN_UNGUARDED_AVAILABILITY = YES_AGGRESSIVE;
				CLANG_WARN_UNREACHABLE_CODE = YES;
				CLANG_WARN__DUPLICATE_METHOD_MATCH = YES;
				COPY_PHASE_STRIP = NO;
				DEBUG_INFORMATION_FORMAT = dwarf;
				ENABLE_STRICT_OBJC_MSGSEND = YES;
				ENABLE_TESTABILITY = YES;
				GCC_C_LANGUAGE_STANDARD = gnu11;
				GCC_DYNAMIC_NO_PIC = NO;
				GCC_NO_COMMON_BLOCKS = YES;
				GCC_OPTIMIZATION_LEVEL = 0;
				GCC_PREPROCESSOR_DEFINITIONS = (
					"DEBUG=1",
					"$(inherited)",
				);
				GCC_WARN_64_TO_32_BIT_CONVERSION = YES;
				GCC_WARN_ABOUT_RETURN_TYPE = YES_ERROR;
				GCC_WARN_UNDECLARED_SELECTOR = YES;
				GCC_WARN_UNINITIALIZED_AUTOS = YES_AGGRESSIVE;
				GCC_WARN_UNUSED_FUNCTION = YES;
				GCC_WARN_UNUSED_VARIABLE = YES;
				IPHONEOS_DEPLOYMENT_TARGET = 15.4;
				MTL_ENABLE_DEBUG_INFO = INCLUDE_SOURCE;
				MTL_FAST_MATH = YES;
				ONLY_ACTIVE_ARCH = YES;
				SDKROOT = iphoneos;
				SWIFT_ACTIVE_COMPILATION_CONDITIONS = DEBUG;
				SWIFT_OPTIMIZATION_LEVEL = "-Onone";
			};
			name = Debug;
		};
		0060AFF9283BA52F00E256D8 /* Release */ = {
			isa = XCBuildConfiguration;
			buildSettings = {
				ALWAYS_SEARCH_USER_PATHS = NO;
				CLANG_ANALYZER_NONNULL = YES;
				CLANG_ANALYZER_NUMBER_OBJECT_CONVERSION = YES_AGGRESSIVE;
				CLANG_CXX_LANGUAGE_STANDARD = "gnu++17";
				CLANG_ENABLE_MODULES = YES;
				CLANG_ENABLE_OBJC_ARC = YES;
				CLANG_ENABLE_OBJC_WEAK = YES;
				CLANG_WARN_BLOCK_CAPTURE_AUTORELEASING = YES;
				CLANG_WARN_BOOL_CONVERSION = YES;
				CLANG_WARN_COMMA = YES;
				CLANG_WARN_CONSTANT_CONVERSION = YES;
				CLANG_WARN_DEPRECATED_OBJC_IMPLEMENTATIONS = YES;
				CLANG_WARN_DIRECT_OBJC_ISA_USAGE = YES_ERROR;
				CLANG_WARN_DOCUMENTATION_COMMENTS = YES;
				CLANG_WARN_EMPTY_BODY = YES;
				CLANG_WARN_ENUM_CONVERSION = YES;
				CLANG_WARN_INFINITE_RECURSION = YES;
				CLANG_WARN_INT_CONVERSION = YES;
				CLANG_WARN_NON_LITERAL_NULL_CONVERSION = YES;
				CLANG_WARN_OBJC_IMPLICIT_RETAIN_SELF = YES;
				CLANG_WARN_OBJC_LITERAL_CONVERSION = YES;
				CLANG_WARN_OBJC_ROOT_CLASS = YES_ERROR;
				CLANG_WARN_QUOTED_INCLUDE_IN_FRAMEWORK_HEADER = YES;
				CLANG_WARN_RANGE_LOOP_ANALYSIS = YES;
				CLANG_WARN_STRICT_PROTOTYPES = YES;
				CLANG_WARN_SUSPICIOUS_MOVE = YES;
				CLANG_WARN_UNGUARDED_AVAILABILITY = YES_AGGRESSIVE;
				CLANG_WARN_UNREACHABLE_CODE = YES;
				CLANG_WARN__DUPLICATE_METHOD_MATCH = YES;
				COPY_PHASE_STRIP = NO;
				DEBUG_INFORMATION_FORMAT = "dwarf-with-dsym";
				ENABLE_NS_ASSERTIONS = NO;
				ENABLE_STRICT_OBJC_MSGSEND = YES;
				GCC_C_LANGUAGE_STANDARD = gnu11;
				GCC_NO_COMMON_BLOCKS = YES;
				GCC_WARN_64_TO_32_BIT_CONVERSION = YES;
				GCC_WARN_ABOUT_RETURN_TYPE = YES_ERROR;
				GCC_WARN_UNDECLARED_SELECTOR = YES;
				GCC_WARN_UNINITIALIZED_AUTOS = YES_AGGRESSIVE;
				GCC_WARN_UNUSED_FUNCTION = YES;
				GCC_WARN_UNUSED_VARIABLE = YES;
				IPHONEOS_DEPLOYMENT_TARGET = 15.4;
				MTL_ENABLE_DEBUG_INFO = NO;
				MTL_FAST_MATH = YES;
				SDKROOT = iphoneos;
				SWIFT_COMPILATION_MODE = wholemodule;
				SWIFT_OPTIMIZATION_LEVEL = "-O";
				VALIDATE_PRODUCT = YES;
			};
			name = Release;
		};
		0060AFFB283BA52F00E256D8 /* Debug */ = {
			isa = XCBuildConfiguration;
			baseConfigurationReference = 72DD4221C51ADB3E7FC61F68 /* Pods-TestApp.debug.xcconfig */;
			buildSettings = {
				ASSETCATALOG_COMPILER_APPICON_NAME = AppIcon;
				ASSETCATALOG_COMPILER_GLOBAL_ACCENT_COLOR_NAME = AccentColor;
				CODE_SIGN_IDENTITY = "iPhone Distribution";
				CODE_SIGN_STYLE = Manual;
				CURRENT_PROJECT_VERSION = 1;
				DEVELOPMENT_TEAM = 2KAL3NND99;
				GENERATE_INFOPLIST_FILE = YES;
				INFOPLIST_FILE = TestApp/Info.plist;
				INFOPLIST_KEY_UIApplicationSupportsIndirectInputEvents = YES;
				INFOPLIST_KEY_UILaunchStoryboardName = LaunchScreen;
				INFOPLIST_KEY_UIMainStoryboardFile = Main;
				INFOPLIST_KEY_UISupportedInterfaceOrientations_iPad = "UIInterfaceOrientationPortrait UIInterfaceOrientationPortraitUpsideDown UIInterfaceOrientationLandscapeLeft UIInterfaceOrientationLandscapeRight";
				INFOPLIST_KEY_UISupportedInterfaceOrientations_iPhone = "UIInterfaceOrientationPortrait UIInterfaceOrientationLandscapeLeft UIInterfaceOrientationLandscapeRight";
				LD_RUNPATH_SEARCH_PATHS = (
					"$(inherited)",
					"@executable_path/Frameworks",
				);
				MARKETING_VERSION = 1.0;
				PRODUCT_BUNDLE_IDENTIFIER = com.A1Distribute.all;
				PRODUCT_NAME = "$(TARGET_NAME)";
				PROVISIONING_PROFILE_SPECIFIER = com.A1Distribution.all;
				SWIFT_EMIT_LOC_STRINGS = YES;
				SWIFT_VERSION = 5.0;
				TARGETED_DEVICE_FAMILY = "1,2";
			};
			name = Debug;
		};
		0060AFFC283BA52F00E256D8 /* Release */ = {
			isa = XCBuildConfiguration;
			baseConfigurationReference = CC4EE458037C537E7F811BC2 /* Pods-TestApp.release.xcconfig */;
			buildSettings = {
				ASSETCATALOG_COMPILER_APPICON_NAME = AppIcon;
				ASSETCATALOG_COMPILER_GLOBAL_ACCENT_COLOR_NAME = AccentColor;
				CODE_SIGN_IDENTITY = "iPhone Distribution";
				CODE_SIGN_STYLE = Manual;
				CURRENT_PROJECT_VERSION = 1;
				DEVELOPMENT_TEAM = 2KAL3NND99;
				GENERATE_INFOPLIST_FILE = YES;
				INFOPLIST_FILE = TestApp/Info.plist;
				INFOPLIST_KEY_UIApplicationSupportsIndirectInputEvents = YES;
				INFOPLIST_KEY_UILaunchStoryboardName = LaunchScreen;
				INFOPLIST_KEY_UIMainStoryboardFile = Main;
				INFOPLIST_KEY_UISupportedInterfaceOrientations_iPad = "UIInterfaceOrientationPortrait UIInterfaceOrientationPortraitUpsideDown UIInterfaceOrientationLandscapeLeft UIInterfaceOrientationLandscapeRight";
				INFOPLIST_KEY_UISupportedInterfaceOrientations_iPhone = "UIInterfaceOrientationPortrait UIInterfaceOrientationLandscapeLeft UIInterfaceOrientationLandscapeRight";
				LD_RUNPATH_SEARCH_PATHS = (
					"$(inherited)",
					"@executable_path/Frameworks",
				);
				MARKETING_VERSION = 1.0;
				PRODUCT_BUNDLE_IDENTIFIER = com.A1Distribute.all;
				PRODUCT_NAME = "$(TARGET_NAME)";
				PROVISIONING_PROFILE_SPECIFIER = com.A1Distribution.all;
				SWIFT_EMIT_LOC_STRINGS = YES;
				SWIFT_VERSION = 5.0;
				TARGETED_DEVICE_FAMILY = "1,2";
			};
			name = Release;
		};
		0060AFFE283BA52F00E256D8 /* Debug */ = {
			isa = XCBuildConfiguration;
			baseConfigurationReference = 45C7FF21A8286F6E4C66E8E3 /* Pods-TestAppTests.debug.xcconfig */;
			buildSettings = {
				ALWAYS_EMBED_SWIFT_STANDARD_LIBRARIES = YES;
				BUNDLE_LOADER = "$(TEST_HOST)";
				CODE_SIGN_IDENTITY = "Apple Development";
				"CODE_SIGN_IDENTITY[sdk=macosx*]" = "Apple Development";
				CODE_SIGN_STYLE = Automatic;
				CURRENT_PROJECT_VERSION = 1;
				DEVELOPMENT_TEAM = "";
				GENERATE_INFOPLIST_FILE = YES;
				IPHONEOS_DEPLOYMENT_TARGET = 15.4;
				MARKETING_VERSION = 1.0;
				PRODUCT_BUNDLE_IDENTIFIER = com.TestApp.TestAppTests;
				"PRODUCT_BUNDLE_IDENTIFIER[sdk=macosx*]" = "";
				PRODUCT_NAME = "$(TARGET_NAME)";
				PROVISIONING_PROFILE_SPECIFIER = "";
				"PROVISIONING_PROFILE_SPECIFIER[sdk=macosx*]" = "";
				SWIFT_EMIT_LOC_STRINGS = NO;
				SWIFT_VERSION = 5.0;
				TARGETED_DEVICE_FAMILY = "1,2";
				TEST_HOST = "$(BUILT_PRODUCTS_DIR)/TestApp.app/TestApp";
			};
			name = Debug;
		};
		0060AFFF283BA52F00E256D8 /* Release */ = {
			isa = XCBuildConfiguration;
			baseConfigurationReference = 82040F9DA56FA8DA5BE2BB80 /* Pods-TestAppTests.release.xcconfig */;
			buildSettings = {
				ALWAYS_EMBED_SWIFT_STANDARD_LIBRARIES = YES;
				BUNDLE_LOADER = "$(TEST_HOST)";
				CODE_SIGN_IDENTITY = "iPhone Distribution";
				CODE_SIGN_STYLE = Manual;
				CURRENT_PROJECT_VERSION = 1;
				DEVELOPMENT_TEAM = "";
				GENERATE_INFOPLIST_FILE = YES;
				IPHONEOS_DEPLOYMENT_TARGET = 15.4;
				MARKETING_VERSION = 1.0;
				PRODUCT_BUNDLE_IDENTIFIER = com.TestApp.TestAppTests;
				"PRODUCT_BUNDLE_IDENTIFIER[sdk=macosx*]" = "";
				PRODUCT_NAME = "$(TARGET_NAME)";
				PROVISIONING_PROFILE_SPECIFIER = "";
				"PROVISIONING_PROFILE_SPECIFIER[sdk=macosx*]" = "";
				SWIFT_EMIT_LOC_STRINGS = NO;
				SWIFT_VERSION = 5.0;
				TARGETED_DEVICE_FAMILY = "1,2";
				TEST_HOST = "$(BUILT_PRODUCTS_DIR)/TestApp.app/TestApp";
			};
			name = Release;
		};
		0060B001283BA52F00E256D8 /* Debug */ = {
			isa = XCBuildConfiguration;
			baseConfigurationReference = E9DACD92A2C031E0F01AE3D2 /* Pods-TestApp-TestAppUITests.debug.xcconfig */;
			buildSettings = {
				ALWAYS_EMBED_SWIFT_STANDARD_LIBRARIES = YES;
				CODE_SIGN_STYLE = Automatic;
				CURRENT_PROJECT_VERSION = 1;
				GENERATE_INFOPLIST_FILE = YES;
				MARKETING_VERSION = 1.0;
				PRODUCT_BUNDLE_IDENTIFIER = com.TestApp.TestAppUITests;
				PRODUCT_NAME = "$(TARGET_NAME)";
				SWIFT_EMIT_LOC_STRINGS = NO;
				SWIFT_VERSION = 5.0;
				TARGETED_DEVICE_FAMILY = "1,2";
				TEST_TARGET_NAME = TestApp;
			};
			name = Debug;
		};
		0060B002283BA52F00E256D8 /* Release */ = {
			isa = XCBuildConfiguration;
			baseConfigurationReference = 0FCBE194ABFEC077C3C4F48F /* Pods-TestApp-TestAppUITests.release.xcconfig */;
			buildSettings = {
				ALWAYS_EMBED_SWIFT_STANDARD_LIBRARIES = YES;
				CODE_SIGN_STYLE = Automatic;
				CURRENT_PROJECT_VERSION = 1;
				GENERATE_INFOPLIST_FILE = YES;
				MARKETING_VERSION = 1.0;
				PRODUCT_BUNDLE_IDENTIFIER = com.TestApp.TestAppUITests;
				PRODUCT_NAME = "$(TARGET_NAME)";
				SWIFT_EMIT_LOC_STRINGS = NO;
				SWIFT_VERSION = 5.0;
				TARGETED_DEVICE_FAMILY = "1,2";
				TEST_TARGET_NAME = TestApp;
			};
			name = Release;
		};
/* End XCBuildConfiguration section */

/* Begin XCConfigurationList section */
		0060AFCB283BA52C00E256D8 /* Build configuration list for PBXProject "TestApp" */ = {
			isa = XCConfigurationList;
			buildConfigurations = (
				0060AFF8283BA52F00E256D8 /* Debug */,
				0060AFF9283BA52F00E256D8 /* Release */,
			);
			defaultConfigurationIsVisible = 0;
			defaultConfigurationName = Release;
		};
		0060AFFA283BA52F00E256D8 /* Build configuration list for PBXNativeTarget "TestApp" */ = {
			isa = XCConfigurationList;
			buildConfigurations = (
				0060AFFB283BA52F00E256D8 /* Debug */,
				0060AFFC283BA52F00E256D8 /* Release */,
			);
			defaultConfigurationIsVisible = 0;
			defaultConfigurationName = Release;
		};
		0060AFFD283BA52F00E256D8 /* Build configuration list for PBXNativeTarget "TestAppTests" */ = {
			isa = XCConfigurationList;
			buildConfigurations = (
				0060AFFE283BA52F00E256D8 /* Debug */,
				0060AFFF283BA52F00E256D8 /* Release */,
			);
			defaultConfigurationIsVisible = 0;
			defaultConfigurationName = Release;
		};
		0060B000283BA52F00E256D8 /* Build configuration list for PBXNativeTarget "TestAppUITests" */ = {
			isa = XCConfigurationList;
			buildConfigurations = (
				0060B001283BA52F00E256D8 /* Debug */,
				0060B002283BA52F00E256D8 /* Release */,
			);
			defaultConfigurationIsVisible = 0;
			defaultConfigurationName = Release;
		};
/* End XCConfigurationList section */
	};
	rootObject = 0060AFC8283BA52C00E256D8 /* Project object */;
}
